
Microsoft Visual Studio Solution File, Format Version 12.00
# Visual Studio Version 16
VisualStudioVersion = 16.0.31321.278
MinimumVisualStudioVersion = 10.0.40219.1
Project("{FAE04EC0-301F-11D3-BF4B-00C04F79EFBC}") = "Loop_Morgan_Daniel", "Loop_Morgan_Daniel\Loop_Morgan_Daniel.csproj", "{9BAD3678-5DB6-48F7-AB43-50F283B4FA2A}"
EndProject
Global
	GlobalSection(SolutionConfigurationPlatforms) = preSolution
		Debug|Any CPU = Debug|Any CPU
		Release|Any CPU = Release|Any CPU
	EndGlobalSection
	GlobalSection(ProjectConfigurationPlatforms) = postSolution
		{9BAD3678-5DB6-48F7-AB43-50F283B4FA2A}.Debug|Any CPU.ActiveCfg = Debug|Any CPU
		{9BAD3678-5DB6-48F7-AB43-50F283B4FA2A}.Debug|Any CPU.Build.0 = Debug|Any CPU
		{9BAD3678-5DB6-48F7-AB43-50F283B4FA2A}.Release|Any CPU.ActiveCfg = Release|Any CPU
		{9BAD3678-5DB6-48F7-AB43-50F283B4FA2A}.Release|Any CPU.Build.0 = Release|Any CPU
	EndGlobalSection
	GlobalSection(SolutionProperties) = preSolution
		HideSolutionNode = FALSE
	EndGlobalSection
	GlobalSection(ExtensibilityGlobals) = postSolution
		SolutionGuid = {39F136FB-642A-436E-AF6A-46D129F76CCB}
	EndGlobalSection
EndGlobal
